// !$*UTF8*$!
{
	archiveVersion = 1;
	classes = {
	};
	objectVersion = 56;
	objects = {

/* Begin PBXBuildFile section */
		5970B2722BCC148D0002C502 /* RealityKitContent in Frameworks */ = {isa = PBXBuildFile; productRef = 5970B2712BCC148D0002C502 /* RealityKitContent */; };
		5970B2742BCC148D0002C502 /* ARVisualizerApp.swift in Sources */ = {isa = PBXBuildFile; fileRef = 5970B2732BCC148D0002C502 /* ARVisualizerApp.swift */; };
		5970B2762BCC148D0002C502 /* ContentView.swift in Sources */ = {isa = PBXBuildFile; fileRef = 5970B2752BCC148D0002C502 /* ContentView.swift */; };
		5970B2782BCC148D0002C502 /* ImmersiveView.swift in Sources */ = {isa = PBXBuildFile; fileRef = 5970B2772BCC148D0002C502 /* ImmersiveView.swift */; };
		5970B27A2BCC148F0002C502 /* Assets.xcassets in Resources */ = {isa = PBXBuildFile; fileRef = 5970B2792BCC148F0002C502 /* Assets.xcassets */; };
		5970B27D2BCC148F0002C502 /* Preview Assets.xcassets in Resources */ = {isa = PBXBuildFile; fileRef = 5970B27C2BCC148F0002C502 /* Preview Assets.xcassets */; };
		5970B2862BCC14AF0002C502 /* ARUnderstanding in Frameworks */ = {isa = PBXBuildFile; productRef = 5970B2852BCC14AF0002C502 /* ARUnderstanding */; };
		5970B2892BCC49570002C502 /* ARUnderstanding in Frameworks */ = {isa = PBXBuildFile; productRef = 5970B2882BCC49570002C502 /* ARUnderstanding */; };
/* End PBXBuildFile section */

/* Begin PBXFileReference section */
		5970B26C2BCC148D0002C502 /* ARVisualizer.app */ = {isa = PBXFileReference; explicitFileType = wrapper.application; includeInIndex = 0; path = ARVisualizer.app; sourceTree = BUILT_PRODUCTS_DIR; };
		5970B2702BCC148D0002C502 /* RealityKitContent */ = {isa = PBXFileReference; lastKnownFileType = wrapper; path = RealityKitContent; sourceTree = "<group>"; };
		5970B2732BCC148D0002C502 /* ARVisualizerApp.swift */ = {isa = PBXFileReference; lastKnownFileType = sourcecode.swift; path = ARVisualizerApp.swift; sourceTree = "<group>"; };
		5970B2752BCC148D0002C502 /* ContentView.swift */ = {isa = PBXFileReference; lastKnownFileType = sourcecode.swift; path = ContentView.swift; sourceTree = "<group>"; };
		5970B2772BCC148D0002C502 /* ImmersiveView.swift */ = {isa = PBXFileReference; lastKnownFileType = sourcecode.swift; path = ImmersiveView.swift; sourceTree = "<group>"; };
		5970B2792BCC148F0002C502 /* Assets.xcassets */ = {isa = PBXFileReference; lastKnownFileType = folder.assetcatalog; path = Assets.xcassets; sourceTree = "<group>"; };
		5970B27C2BCC148F0002C502 /* Preview Assets.xcassets */ = {isa = PBXFileReference; lastKnownFileType = folder.assetcatalog; path = "Preview Assets.xcassets"; sourceTree = "<group>"; };
		5970B27E2BCC148F0002C502 /* Info.plist */ = {isa = PBXFileReference; lastKnownFileType = text.plist.xml; path = Info.plist; sourceTree = "<group>"; };
/* End PBXFileReference section */

/* Begin PBXFrameworksBuildPhase section */
		5970B2692BCC148D0002C502 /* Frameworks */ = {
			isa = PBXFrameworksBuildPhase;
			buildActionMask = 2147483647;
			files = (
				5970B2862BCC14AF0002C502 /* ARUnderstanding in Frameworks */,
				5970B2892BCC49570002C502 /* ARUnderstanding in Frameworks */,
				5970B2722BCC148D0002C502 /* RealityKitContent in Frameworks */,
			);
			runOnlyForDeploymentPostprocessing = 0;
		};
/* End PBXFrameworksBuildPhase section */

/* Begin PBXGroup section */
		5970B2632BCC148D0002C502 = {
			isa = PBXGroup;
			children = (
				5970B26E2BCC148D0002C502 /* ARVisualizer */,
				5970B26F2BCC148D0002C502 /* Packages */,
				5970B26D2BCC148D0002C502 /* Products */,
			);
			sourceTree = "<group>";
		};
		5970B26D2BCC148D0002C502 /* Products */ = {
			isa = PBXGroup;
			children = (
				5970B26C2BCC148D0002C502 /* ARVisualizer.app */,
			);
			name = Products;
			sourceTree = "<group>";
		};
		5970B26E2BCC148D0002C502 /* ARVisualizer */ = {
			isa = PBXGroup;
			children = (
				5970B2732BCC148D0002C502 /* ARVisualizerApp.swift */,
				5970B2752BCC148D0002C502 /* ContentView.swift */,
				5970B2772BCC148D0002C502 /* ImmersiveView.swift */,
				5970B2792BCC148F0002C502 /* Assets.xcassets */,
				5970B27E2BCC148F0002C502 /* Info.plist */,
				5970B27B2BCC148F0002C502 /* Preview Content */,
			);
			path = ARVisualizer;
			sourceTree = "<group>";
		};
		5970B26F2BCC148D0002C502 /* Packages */ = {
			isa = PBXGroup;
			children = (
				5970B2702BCC148D0002C502 /* RealityKitContent */,
			);
			path = Packages;
			sourceTree = "<group>";
		};
		5970B27B2BCC148F0002C502 /* Preview Content */ = {
			isa = PBXGroup;
			children = (
				5970B27C2BCC148F0002C502 /* Preview Assets.xcassets */,
			);
			path = "Preview Content";
			sourceTree = "<group>";
		};
/* End PBXGroup section */

/* Begin PBXNativeTarget section */
		5970B26B2BCC148D0002C502 /* ARVisualizer */ = {
			isa = PBXNativeTarget;
			buildConfigurationList = 5970B2812BCC148F0002C502 /* Build configuration list for PBXNativeTarget "ARVisualizer" */;
			buildPhases = (
				5970B2682BCC148D0002C502 /* Sources */,
				5970B2692BCC148D0002C502 /* Frameworks */,
				5970B26A2BCC148D0002C502 /* Resources */,
			);
			buildRules = (
			);
			dependencies = (
			);
			name = ARVisualizer;
			packageProductDependencies = (
				5970B2712BCC148D0002C502 /* RealityKitContent */,
				5970B2852BCC14AF0002C502 /* ARUnderstanding */,
				5970B2882BCC49570002C502 /* ARUnderstanding */,
			);
			productName = ARVisualizer;
			productReference = 5970B26C2BCC148D0002C502 /* ARVisualizer.app */;
			productType = "com.apple.product-type.application";
		};
/* End PBXNativeTarget section */

/* Begin PBXProject section */
		5970B2642BCC148D0002C502 /* Project object */ = {
			isa = PBXProject;
			attributes = {
				BuildIndependentTargetsInParallel = 1;
				LastSwiftUpdateCheck = 1530;
				LastUpgradeCheck = 1530;
				TargetAttributes = {
					5970B26B2BCC148D0002C502 = {
						CreatedOnToolsVersion = 15.3;
					};
				};
			};
			buildConfigurationList = 5970B2672BCC148D0002C502 /* Build configuration list for PBXProject "ARVisualizer" */;
			compatibilityVersion = "Xcode 14.0";
			developmentRegion = en;
			hasScannedForEncodings = 0;
			knownRegions = (
				en,
				Base,
			);
			mainGroup = 5970B2632BCC148D0002C502;
			packageReferences = (
				5970B2872BCC49570002C502 /* XCRemoteSwiftPackageReference "ARUnderstanding" */,
			);
			productRefGroup = 5970B26D2BCC148D0002C502 /* Products */;
			projectDirPath = "";
			projectRoot = "";
			targets = (
				5970B26B2BCC148D0002C502 /* ARVisualizer */,
			);
		};
/* End PBXProject section */

/* Begin PBXResourcesBuildPhase section */
		5970B26A2BCC148D0002C502 /* Resources */ = {
			isa = PBXResourcesBuildPhase;
			buildActionMask = 2147483647;
			files = (
				5970B27D2BCC148F0002C502 /* Preview Assets.xcassets in Resources */,
				5970B27A2BCC148F0002C502 /* Assets.xcassets in Resources */,
			);
			runOnlyForDeploymentPostprocessing = 0;
		};
/* End PBXResourcesBuildPhase section */

/* Begin PBXSourcesBuildPhase section */
		5970B2682BCC148D0002C502 /* Sources */ = {
			isa = PBXSourcesBuildPhase;
			buildActionMask = 2147483647;
			files = (
				5970B2762BCC148D0002C502 /* ContentView.swift in Sources */,
				5970B2742BCC148D0002C502 /* ARVisualizerApp.swift in Sources */,
				5970B2782BCC148D0002C502 /* ImmersiveView.swift in Sources */,
			);
			runOnlyForDeploymentPostprocessing = 0;
		};
/* End PBXSourcesBuildPhase section */

/* Begin XCBuildConfiguration section */
		5970B27F2BCC148F0002C502 /* Debug */ = {
			isa = XCBuildConfiguration;
			buildSettings = {
				ALWAYS_SEARCH_USER_PATHS = NO;
				ASSETCATALOG_COMPILER_GENERATE_SWIFT_ASSET_SYMBOL_EXTENSIONS = YES;
				CLANG_ANALYZER_NONNULL = YES;
				CLANG_ANALYZER_NUMBER_OBJECT_CONVERSION = YES_AGGRESSIVE;
				CLANG_CXX_LANGUAGE_STANDARD = "gnu++20";
				CLANG_ENABLE_MODULES = YES;
				CLANG_ENABLE_OBJC_ARC = YES;
				CLANG_ENABLE_OBJC_WEAK = YES;
				CLANG_WARN_BLOCK_CAPTURE_AUTORELEASING = YES;
				CLANG_WARN_BOOL_CONVERSION = YES;
				CLANG_WARN_COMMA = YES;
				CLANG_WARN_CONSTANT_CONVERSION = YES;
				CLANG_WARN_DEPRECATED_OBJC_IMPLEMENTATIONS = YES;
				CLANG_WARN_DIRECT_OBJC_ISA_USAGE = YES_ERROR;
				CLANG_WARN_DOCUMENTATION_COMMENTS = YES;
				CLANG_WARN_EMPTY_BODY = YES;
				CLANG_WARN_ENUM_CONVERSION = YES;
				CLANG_WARN_INFINITE_RECURSION = YES;
				CLANG_WARN_INT_CONVERSION = YES;
				CLANG_WARN_NON_LITERAL_NULL_CONVERSION = YES;
				CLANG_WARN_OBJC_IMPLICIT_RETAIN_SELF = YES;
				CLANG_WARN_OBJC_LITERAL_CONVERSION = YES;
				CLANG_WARN_OBJC_ROOT_CLASS = YES_ERROR;
				CLANG_WARN_QUOTED_INCLUDE_IN_FRAMEWORK_HEADER = YES;
				CLANG_WARN_RANGE_LOOP_ANALYSIS = YES;
				CLANG_WARN_STRICT_PROTOTYPES = YES;
				CLANG_WARN_SUSPICIOUS_MOVE = YES;
				CLANG_WARN_UNGUARDED_AVAILABILITY = YES_AGGRESSIVE;
				CLANG_WARN_UNREACHABLE_CODE = YES;
				CLANG_WARN__DUPLICATE_METHOD_MATCH = YES;
				COPY_PHASE_STRIP = NO;
				DEBUG_INFORMATION_FORMAT = dwarf;
				ENABLE_STRICT_OBJC_MSGSEND = YES;
				ENABLE_TESTABILITY = YES;
				ENABLE_USER_SCRIPT_SANDBOXING = YES;
				GCC_C_LANGUAGE_STANDARD = gnu17;
				GCC_DYNAMIC_NO_PIC = NO;
				GCC_NO_COMMON_BLOCKS = YES;
				GCC_OPTIMIZATION_LEVEL = 0;
				GCC_PREPROCESSOR_DEFINITIONS = (
					"DEBUG=1",
					"$(inherited)",
				);
				GCC_WARN_64_TO_32_BIT_CONVERSION = YES;
				GCC_WARN_ABOUT_RETURN_TYPE = YES_ERROR;
				GCC_WARN_UNDECLARED_SELECTOR = YES;
				GCC_WARN_UNINITIALIZED_AUTOS = YES_AGGRESSIVE;
				GCC_WARN_UNUSED_FUNCTION = YES;
				GCC_WARN_UNUSED_VARIABLE = YES;
				LOCALIZATION_PREFERS_STRING_CATALOGS = YES;
				MTL_ENABLE_DEBUG_INFO = INCLUDE_SOURCE;
				MTL_FAST_MATH = YES;
				ONLY_ACTIVE_ARCH = YES;
				SDKROOT = xros;
				SWIFT_ACTIVE_COMPILATION_CONDITIONS = "DEBUG $(inherited)";
				SWIFT_OPTIMIZATION_LEVEL = "-Onone";
				XROS_DEPLOYMENT_TARGET = 1.1;
			};
			name = Debug;
		};
		5970B2802BCC148F0002C502 /* Release */ = {
			isa = XCBuildConfiguration;
			buildSettings = {
				ALWAYS_SEARCH_USER_PATHS = NO;
				ASSETCATALOG_COMPILER_GENERATE_SWIFT_ASSET_SYMBOL_EXTENSIONS = YES;
				CLANG_ANALYZER_NONNULL = YES;
				CLANG_ANALYZER_NUMBER_OBJECT_CONVERSION = YES_AGGRESSIVE;
				CLANG_CXX_LANGUAGE_STANDARD = "gnu++20";
				CLANG_ENABLE_MODULES = YES;
				CLANG_ENABLE_OBJC_ARC = YES;
				CLANG_ENABLE_OBJC_WEAK = YES;
				CLANG_WARN_BLOCK_CAPTURE_AUTORELEASING = YES;
				CLANG_WARN_BOOL_CONVERSION = YES;
				CLANG_WARN_COMMA = YES;
				CLANG_WARN_CONSTANT_CONVERSION = YES;
				CLANG_WARN_DEPRECATED_OBJC_IMPLEMENTATIONS = YES;
				CLANG_WARN_DIRECT_OBJC_ISA_USAGE = YES_ERROR;
				CLANG_WARN_DOCUMENTATION_COMMENTS = YES;
				CLANG_WARN_EMPTY_BODY = YES;
				CLANG_WARN_ENUM_CONVERSION = YES;
				CLANG_WARN_INFINITE_RECURSION = YES;
				CLANG_WARN_INT_CONVERSION = YES;
				CLANG_WARN_NON_LITERAL_NULL_CONVERSION = YES;
				CLANG_WARN_OBJC_IMPLICIT_RETAIN_SELF = YES;
				CLANG_WARN_OBJC_LITERAL_CONVERSION = YES;
				CLANG_WARN_OBJC_ROOT_CLASS = YES_ERROR;
				CLANG_WARN_QUOTED_INCLUDE_IN_FRAMEWORK_HEADER = YES;
				CLANG_WARN_RANGE_LOOP_ANALYSIS = YES;
				CLANG_WARN_STRICT_PROTOTYPES = YES;
				CLANG_WARN_SUSPICIOUS_MOVE = YES;
				CLANG_WARN_UNGUARDED_AVAILABILITY = YES_AGGRESSIVE;
				CLANG_WARN_UNREACHABLE_CODE = YES;
				CLANG_WARN__DUPLICATE_METHOD_MATCH = YES;
				COPY_PHASE_STRIP = NO;
				DEBUG_INFORMATION_FORMAT = "dwarf-with-dsym";
				ENABLE_NS_ASSERTIONS = NO;
				ENABLE_STRICT_OBJC_MSGSEND = YES;
				ENABLE_USER_SCRIPT_SANDBOXING = YES;
				GCC_C_LANGUAGE_STANDARD = gnu17;
				GCC_NO_COMMON_BLOCKS = YES;
				GCC_WARN_64_TO_32_BIT_CONVERSION = YES;
				GCC_WARN_ABOUT_RETURN_TYPE = YES_ERROR;
				GCC_WARN_UNDECLARED_SELECTOR = YES;
				GCC_WARN_UNINITIALIZED_AUTOS = YES_AGGRESSIVE;
				GCC_WARN_UNUSED_FUNCTION = YES;
				GCC_WARN_UNUSED_VARIABLE = YES;
				LOCALIZATION_PREFERS_STRING_CATALOGS = YES;
				MTL_ENABLE_DEBUG_INFO = NO;
				MTL_FAST_MATH = YES;
				SDKROOT = xros;
				SWIFT_COMPILATION_MODE = wholemodule;
				VALIDATE_PRODUCT = YES;
				XROS_DEPLOYMENT_TARGET = 1.1;
			};
			name = Release;
		};
		5970B2822BCC148F0002C502 /* Debug */ = {
			isa = XCBuildConfiguration;
			buildSettings = {
				ASSETCATALOG_COMPILER_APPICON_NAME = AppIcon;
				ASSETCATALOG_COMPILER_GLOBAL_ACCENT_COLOR_NAME = AccentColor;
				CODE_SIGN_STYLE = Automatic;
				CURRENT_PROJECT_VERSION = 1;
				DEVELOPMENT_ASSET_PATHS = "\"ARVisualizer/Preview Content\"";
				DEVELOPMENT_TEAM = MGR5KS574J;
				ENABLE_PREVIEWS = YES;
				GENERATE_INFOPLIST_FILE = YES;
				INFOPLIST_FILE = "$(TARGET_NAME)/Info.plist";
				LD_RUNPATH_SEARCH_PATHS = (
					"$(inherited)",
					"@executable_path/Frameworks",
				);
				MARKETING_VERSION = 1.0;
				PRODUCT_BUNDLE_IDENTIFIER = "com.appsyoucanmake.ARVisualizer.${SAMPLE_CODE_DISAMBIGUATOR}";
				PRODUCT_NAME = "$(TARGET_NAME)";
				SAMPLE_CODE_DISAMBIGUATOR = "$(DEVELOPMENT_TEAM)";
				SUPPORTED_PLATFORMS = "xros xrsimulator";
				SWIFT_EMIT_LOC_STRINGS = YES;
				SWIFT_VERSION = 5.0;
				TARGETED_DEVICE_FAMILY = "1,2,7";
			};
			name = Debug;
		};
		5970B2832BCC148F0002C502 /* Release */ = {
			isa = XCBuildConfiguration;
			buildSettings = {
				ASSETCATALOG_COMPILER_APPICON_NAME = AppIcon;
				ASSETCATALOG_COMPILER_GLOBAL_ACCENT_COLOR_NAME = AccentColor;
				CODE_SIGN_STYLE = Automatic;
				CURRENT_PROJECT_VERSION = 1;
				DEVELOPMENT_ASSET_PATHS = "\"ARVisualizer/Preview Content\"";
				DEVELOPMENT_TEAM = MGR5KS574J;
				ENABLE_PREVIEWS = YES;
				GENERATE_INFOPLIST_FILE = YES;
				INFOPLIST_FILE = "$(TARGET_NAME)/Info.plist";
				LD_RUNPATH_SEARCH_PATHS = (
					"$(inherited)",
					"@executable_path/Frameworks",
				);
				MARKETING_VERSION = 1.0;
				PRODUCT_BUNDLE_IDENTIFIER = "com.appsyoucanmake.ARVisualizer.${SAMPLE_CODE_DISAMBIGUATOR}";
				PRODUCT_NAME = "$(TARGET_NAME)";
				SAMPLE_CODE_DISAMBIGUATOR = "$(DEVELOPMENT_TEAM)";
				SUPPORTED_PLATFORMS = "xros xrsimulator";
				SWIFT_EMIT_LOC_STRINGS = YES;
				SWIFT_VERSION = 5.0;
				TARGETED_DEVICE_FAMILY = "1,2,7";
			};
			name = Release;
		};
/* End XCBuildConfiguration section */

/* Begin XCConfigurationList section */
		5970B2672BCC148D0002C502 /* Build configuration list for PBXProject "ARVisualizer" */ = {
			isa = XCConfigurationList;
			buildConfigurations = (
				5970B27F2BCC148F0002C502 /* Debug */,
				5970B2802BCC148F0002C502 /* Release */,
			);
			defaultConfigurationIsVisible = 0;
			defaultConfigurationName = Release;
		};
		5970B2812BCC148F0002C502 /* Build configuration list for PBXNativeTarget "ARVisualizer" */ = {
			isa = XCConfigurationList;
			buildConfigurations = (
				5970B2822BCC148F0002C502 /* Debug */,
				5970B2832BCC148F0002C502 /* Release */,
			);
			defaultConfigurationIsVisible = 0;
			defaultConfigurationName = Release;
		};
/* End XCConfigurationList section */

/* Begin XCRemoteSwiftPackageReference section */
		5970B2872BCC49570002C502 /* XCRemoteSwiftPackageReference "ARUnderstanding" */ = {
			isa = XCRemoteSwiftPackageReference;
			repositoryURL = "https://github.com/johnhaney/ARUnderstanding";
			requirement = {
				kind = upToNextMajorVersion;
				minimumVersion = 0.1.0;
			};
		};
/* End XCRemoteSwiftPackageReference section */

/* Begin XCSwiftPackageProductDependency section */
		5970B2712BCC148D0002C502 /* RealityKitContent */ = {
			isa = XCSwiftPackageProductDependency;
			productName = RealityKitContent;
		};
		5970B2852BCC14AF0002C502 /* ARUnderstanding */ = {
			isa = XCSwiftPackageProductDependency;
			productName = ARUnderstanding;
		};
		5970B2882BCC49570002C502 /* ARUnderstanding */ = {
			isa = XCSwiftPackageProductDependency;
			package = 5970B2872BCC49570002C502 /* XCRemoteSwiftPackageReference "ARUnderstanding" */;
			productName = ARUnderstanding;
		};
/* End XCSwiftPackageProductDependency section */
	};
	rootObject = 5970B2642BCC148D0002C502 /* Project object */;
}
